// !$*UTF8*$!
{
	archiveVersion = 1;
	classes = {
	};
	objectVersion = 77;
	objects = {

/* Begin PBXContainerItemProxy section */
		806626CF2EF403AB00B65DB9 /* PBXContainerItemProxy */ = {
			isa = PBXContainerItemProxy;
			containerPortal = 806626B02EF403AA00B65DB9 /* Project object */;
			proxyType = 1;
			remoteGlobalIDString = 806626B72EF403AA00B65DB9;
			remoteInfo = InnerCircleApp;
		};
		806626D92EF403AB00B65DB9 /* PBXContainerItemProxy */ = {
			isa = PBXContainerItemProxy;
			containerPortal = 806626B02EF403AA00B65DB9 /* Project object */;
			proxyType = 1;
			remoteGlobalIDString = 806626B72EF403AA00B65DB9;
			remoteInfo = InnerCircleApp;
		};
/* End PBXContainerItemProxy section */

/* Begin PBXFileReference section */
		806626B82EF403AA00B65DB9 /* InnerCircleApp.app */ = {isa = PBXFileReference; explicitFileType = wrapper.application; includeInIndex = 0; path = InnerCircleApp.app; sourceTree = BUILT_PRODUCTS_DIR; };
		806626CE2EF403AB00B65DB9 /* InnerCircleAppTests.xctest */ = {isa = PBXFileReference; explicitFileType = wrapper.cfbundle; includeInIndex = 0; path = InnerCircleAppTests.xctest; sourceTree = BUILT_PRODUCTS_DIR; };
		806626D82EF403AB00B65DB9 /* InnerCircleAppUITests.xctest */ = {isa = PBXFileReference; explicitFileType = wrapper.cfbundle; includeInIndex = 0; path = InnerCircleAppUITests.xctest; sourceTree = BUILT_PRODUCTS_DIR; };
/* End PBXFileReference section */

/* Begin PBXFileSystemSynchronizedBuildFileExceptionSet section */
		806626E02EF403AB00B65DB9 /* Exceptions for "InnerCircleApp" folder in "InnerCircleApp" target */ = {
			isa = PBXFileSystemSynchronizedBuildFileExceptionSet;
			membershipExceptions = (
				App/Info.plist,
			);
			target = 806626B72EF403AA00B65DB9 /* InnerCircleApp */;
		};
/* End PBXFileSystemSynchronizedBuildFileExceptionSet section */

/* Begin PBXFileSystemSynchronizedRootGroup section */
		806626BA2EF403AA00B65DB9 /* InnerCircleApp */ = {
			isa = PBXFileSystemSynchronizedRootGroup;
			exceptions = (
				806626E02EF403AB00B65DB9 /* Exceptions for "InnerCircleApp" folder in "InnerCircleApp" target */,
			);
			path = InnerCircleApp;
			sourceTree = "<group>";
		};
		806626D12EF403AB00B65DB9 /* InnerCircleAppTests */ = {
			isa = PBXFileSystemSynchronizedRootGroup;
			path = InnerCircleAppTests;
			sourceTree = "<group>";
		};
		806626DB2EF403AB00B65DB9 /* InnerCircleAppUITests */ = {
			isa = PBXFileSystemSynchronizedRootGroup;
			path = InnerCircleAppUITests;
			sourceTree = "<group>";
		};
/* End PBXFileSystemSynchronizedRootGroup section */

/* Begin PBXFrameworksBuildPhase section */
		806626B52EF403AA00B65DB9 /* Frameworks */ = {
			isa = PBXFrameworksBuildPhase;
			buildActionMask = 2147483647;
			files = (
			);
			runOnlyForDeploymentPostprocessing = 0;
		};
		806626CB2EF403AB00B65DB9 /* Frameworks */ = {
			isa = PBXFrameworksBuildPhase;
			buildActionMask = 2147483647;
			files = (
			);
			runOnlyForDeploymentPostprocessing = 0;
		};
		806626D52EF403AB00B65DB9 /* Frameworks */ = {
			isa = PBXFrameworksBuildPhase;
			buildActionMask = 2147483647;
			files = (
			);
			runOnlyForDeploymentPostprocessing = 0;
		};
/* End PBXFrameworksBuildPhase section */

/* Begin PBXGroup section */
		806626AF2EF403AA00B65DB9 = {
			isa = PBXGroup;
			children = (
				806626BA2EF403AA00B65DB9 /* InnerCircleApp */,
				806626D12EF403AB00B65DB9 /* InnerCircleAppTests */,
				806626DB2EF403AB00B65DB9 /* InnerCircleAppUITests */,
				806626B92EF403AA00B65DB9 /* Products */,
			);
			sourceTree = "<group>";
		};
		806626B92EF403AA00B65DB9 /* Products */ = {
			isa = PBXGroup;
			children = (
				806626B82EF403AA00B65DB9 /* InnerCircleApp.app */,
				806626CE2EF403AB00B65DB9 /* InnerCircleAppTests.xctest */,
				806626D82EF403AB00B65DB9 /* InnerCircleAppUITests.xctest */,
			);
			name = Products;
			sourceTree = "<group>";
		};
/* End PBXGroup section */

/* Begin PBXNativeTarget section */
		806626B72EF403AA00B65DB9 /* InnerCircleApp */ = {
			isa = PBXNativeTarget;
			buildConfigurationList = 806626E12EF403AB00B65DB9 /* Build configuration list for PBXNativeTarget "InnerCircleApp" */;
			buildPhases = (
				806626B42EF403AA00B65DB9 /* Sources */,
				806626B52EF403AA00B65DB9 /* Frameworks */,
				806626B62EF403AA00B65DB9 /* Resources */,
			);
			buildRules = (
			);
			dependencies = (
			);
			fileSystemSynchronizedGroups = (
				806626BA2EF403AA00B65DB9 /* InnerCircleApp */,
			);
			name = InnerCircleApp;
			packageProductDependencies = (
			);
			productName = InnerCircleApp;
			productReference = 806626B82EF403AA00B65DB9 /* InnerCircleApp.app */;
			productType = "com.apple.product-type.application";
		};
		806626CD2EF403AB00B65DB9 /* InnerCircleAppTests */ = {
			isa = PBXNativeTarget;
			buildConfigurationList = 806626E62EF403AB00B65DB9 /* Build configuration list for PBXNativeTarget "InnerCircleAppTests" */;
			buildPhases = (
				806626CA2EF403AB00B65DB9 /* Sources */,
				806626CB2EF403AB00B65DB9 /* Frameworks */,
				806626CC2EF403AB00B65DB9 /* Resources */,
			);
			buildRules = (
			);
			dependencies = (
				806626D02EF403AB00B65DB9 /* PBXTargetDependency */,
			);
			fileSystemSynchronizedGroups = (
				806626D12EF403AB00B65DB9 /* InnerCircleAppTests */,
			);
			name = InnerCircleAppTests;
			packageProductDependencies = (
			);
			productName = InnerCircleAppTests;
			productReference = 806626CE2EF403AB00B65DB9 /* InnerCircleAppTests.xctest */;
			productType = "com.apple.product-type.bundle.unit-test";
		};
		806626D72EF403AB00B65DB9 /* InnerCircleAppUITests */ = {
			isa = PBXNativeTarget;
			buildConfigurationList = 806626E92EF403AB00B65DB9 /* Build configuration list for PBXNativeTarget "InnerCircleAppUITests" */;
			buildPhases = (
				806626D42EF403AB00B65DB9 /* Sources */,
				806626D52EF403AB00B65DB9 /* Frameworks */,
				806626D62EF403AB00B65DB9 /* Resources */,
			);
			buildRules = (
			);
			dependencies = (
				806626DA2EF403AB00B65DB9 /* PBXTargetDependency */,
			);
			fileSystemSynchronizedGroups = (
				806626DB2EF403AB00B65DB9 /* InnerCircleAppUITests */,
			);
			name = InnerCircleAppUITests;
			packageProductDependencies = (
			);
			productName = InnerCircleAppUITests;
			productReference = 806626D82EF403AB00B65DB9 /* InnerCircleAppUITests.xctest */;
			productType = "com.apple.product-type.bundle.ui-testing";
		};
/* End PBXNativeTarget section */

/* Begin PBXProject section */
		806626B02EF403AA00B65DB9 /* Project object */ = {
			isa = PBXProject;
			attributes = {
				BuildIndependentTargetsInParallel = 1;
				LastSwiftUpdateCheck = 1640;
				LastUpgradeCheck = 1640;
				TargetAttributes = {
					806626B72EF403AA00B65DB9 = {
						CreatedOnToolsVersion = 16.4;
					};
					806626CD2EF403AB00B65DB9 = {
						CreatedOnToolsVersion = 16.4;
						TestTargetID = 806626B72EF403AA00B65DB9;
					};
					806626D72EF403AB00B65DB9 = {
						CreatedOnToolsVersion = 16.4;
						TestTargetID = 806626B72EF403AA00B65DB9;
					};
				};
			};
			buildConfigurationList = 806626B32EF403AA00B65DB9 /* Build configuration list for PBXProject "InnerCircleApp" */;
			developmentRegion = en;
			hasScannedForEncodings = 0;
			knownRegions = (
				en,
				Base,
			);
			mainGroup = 806626AF2EF403AA00B65DB9;
			minimizedProjectReferenceProxies = 1;
			preferredProjectObjectVersion = 77;
			productRefGroup = 806626B92EF403AA00B65DB9 /* Products */;
			projectDirPath = "";
			projectRoot = "";
			targets = (
				806626B72EF403AA00B65DB9 /* InnerCircleApp */,
				806626CD2EF403AB00B65DB9 /* InnerCircleAppTests */,
				806626D72EF403AB00B65DB9 /* InnerCircleAppUITests */,
			);
		};
/* End PBXProject section */

/* Begin PBXResourcesBuildPhase section */
		806626B62EF403AA00B65DB9 /* Resources */ = {
			isa = PBXResourcesBuildPhase;
			buildActionMask = 2147483647;
			files = (
			);
			runOnlyForDeploymentPostprocessing = 0;
		};
		806626CC2EF403AB00B65DB9 /* Resources */ = {
			isa = PBXResourcesBuildPhase;
			buildActionMask = 2147483647;
			files = (
			);
			runOnlyForDeploymentPostprocessing = 0;
		};
		806626D62EF403AB00B65DB9 /* Resources */ = {
			isa = PBXResourcesBuildPhase;
			buildActionMask = 2147483647;
			files = (
			);
			runOnlyForDeploymentPostprocessing = 0;
		};
/* End PBXResourcesBuildPhase section */

/* Begin PBXSourcesBuildPhase section */
		806626B42EF403AA00B65DB9 /* Sources */ = {
			isa = PBXSourcesBuildPhase;
			buildActionMask = 2147483647;
			files = (
			);
			runOnlyForDeploymentPostprocessing = 0;
		};
		806626CA2EF403AB00B65DB9 /* Sources */ = {
			isa = PBXSourcesBuildPhase;
			buildActionMask = 2147483647;
			files = (
			);
			runOnlyForDeploymentPostprocessing = 0;
		};
		806626D42EF403AB00B65DB9 /* Sources */ = {
			isa = PBXSourcesBuildPhase;
			buildActionMask = 2147483647;
			files = (
			);
			runOnlyForDeploymentPostprocessing = 0;
		};
/* End PBXSourcesBuildPhase section */

/* Begin PBXTargetDependency section */
		806626D02EF403AB00B65DB9 /* PBXTargetDependency */ = {
			isa = PBXTargetDependency;
			target = 806626B72EF403AA00B65DB9 /* InnerCircleApp */;
			targetProxy = 806626CF2EF403AB00B65DB9 /* PBXContainerItemProxy */;
		};
		806626DA2EF403AB00B65DB9 /* PBXTargetDependency */ = {
			isa = PBXTargetDependency;
			target = 806626B72EF403AA00B65DB9 /* InnerCircleApp */;
			targetProxy = 806626D92EF403AB00B65DB9 /* PBXContainerItemProxy */;
		};
/* End PBXTargetDependency section */

/* Begin XCBuildConfiguration section */
		806626E22EF403AB00B65DB9 /* Debug */ = {
			isa = XCBuildConfiguration;
			buildSettings = {
				ASSETCATALOG_COMPILER_APPICON_NAME = AppIcon;
				ASSETCATALOG_COMPILER_GLOBAL_ACCENT_COLOR_NAME = AccentColor;
				CODE_SIGN_STYLE = Automatic;
				CURRENT_PROJECT_VERSION = 1;
				DEVELOPMENT_TEAM = 46BJNG454R;
				GENERATE_INFOPLIST_FILE = YES;
				INFOPLIST_FILE = InnerCircleApp/App/Info.plist;
				INFOPLIST_KEY_CFBundleDisplayName = "Inner Circle";
				INFOPLIST_KEY_LSApplicationCategoryType = "public.app-category.lifestyle";
				INFOPLIST_KEY_UIApplicationSupportsIndirectInputEvents = YES;
				INFOPLIST_KEY_UILaunchStoryboardName = LaunchScreen;
				INFOPLIST_KEY_UISupportedInterfaceOrientations = UIInterfaceOrientationPortrait;
				INFOPLIST_KEY_UISupportedInterfaceOrientations_iPad = "UIInterfaceOrientationLandscapeLeft UIInterfaceOrientationLandscapeRight UIInterfaceOrientationPortrait UIInterfaceOrientationPortraitUpsideDown";
				IPHONEOS_DEPLOYMENT_TARGET = 16.0;
				LD_RUNPATH_SEARCH_PATHS = (
					"$(inherited)",
					"@executable_path/Frameworks",
				);
				MARKETING_VERSION = 1.0;
				PRODUCT_BUNDLE_IDENTIFIER = com.josevin.InnerCircleApp;
				PRODUCT_NAME = "$(TARGET_NAME)";
				SUPPORTED_PLATFORMS = "iphoneos iphonesimulator";
				SUPPORTS_MACCATALYST = NO;
				SUPPORTS_MAC_DESIGNED_FOR_IPHONE_IPAD = NO;
				SUPPORTS_XR_DESIGNED_FOR_IPHONE_IPAD = NO;
				SWIFT_EMIT_LOC_STRINGS = YES;
				SWIFT_VERSION = 5.0;
				TARGETED_DEVICE_FAMILY = 1;
			};
			name = Debug;
		};
		806626E32EF403AB00B65DB9 /* Release */ = {
			isa = XCBuildConfiguration;
			buildSettings = {
				ASSETCATALOG_COMPILER_APPICON_NAME = AppIcon;
				ASSETCATALOG_COMPILER_GLOBAL_ACCENT_COLOR_NAME = AccentColor;
				CODE_SIGN_STYLE = Automatic;
				CURRENT_PROJECT_VERSION = 1;
				DEVELOPMENT_TEAM = 46BJNG454R;
				GENERATE_INFOPLIST_FILE = YES;
				INFOPLIST_FILE = InnerCircleApp/App/Info.plist;
				INFOPLIST_KEY_CFBundleDisplayName = "Inner Circle";
				INFOPLIST_KEY_LSApplicationCategoryType = "public.app-category.lifestyle";
				INFOPLIST_KEY_UIApplicationSupportsIndirectInputEvents = YES;
				INFOPLIST_KEY_UILaunchStoryboardName = LaunchScreen;
				INFOPLIST_KEY_UISupportedInterfaceOrientations = UIInterfaceOrientationPortrait;
				INFOPLIST_KEY_UISupportedInterfaceOrientations_iPad = "UIInterfaceOrientationLandscapeLeft UIInterfaceOrientationLandscapeRight UIInterfaceOrientationPortrait UIInterfaceOrientationPortraitUpsideDown";
				IPHONEOS_DEPLOYMENT_TARGET = 16.0;
				LD_RUNPATH_SEARCH_PATHS = (
					"$(inherited)",
					"@executable_path/Frameworks",
				);
				MARKETING_VERSION = 1.0;
				PRODUCT_BUNDLE_IDENTIFIER = com.josevin.InnerCircleApp;
				PRODUCT_NAME = "$(TARGET_NAME)";
				SUPPORTED_PLATFORMS = "iphoneos iphonesimulator";
				SUPPORTS_MACCATALYST = NO;
				SUPPORTS_MAC_DESIGNED_FOR_IPHONE_IPAD = NO;
				SUPPORTS_XR_DESIGNED_FOR_IPHONE_IPAD = NO;
				SWIFT_EMIT_LOC_STRINGS = YES;
				SWIFT_VERSION = 5.0;
				TARGETED_DEVICE_FAMILY = 1;
			};
			name = Release;
		};
		806626E42EF403AB00B65DB9 /* Debug */ = {
			isa = XCBuildConfiguration;
			buildSettings = {
				ALWAYS_SEARCH_USER_PATHS = NO;
				ASSETCATALOG_COMPILER_GENERATE_SWIFT_ASSET_SYMBOL_EXTENSIONS = YES;
				CLANG_ANALYZER_NONNULL = YES;
				CLANG_ANALYZER_NUMBER_OBJECT_CONVERSION = YES_AGGRESSIVE;
				CLANG_CXX_LANGUAGE_STANDARD = "gnu++20";
				CLANG_ENABLE_MODULES = YES;
				CLANG_ENABLE_OBJC_ARC = YES;
				CLANG_ENABLE_OBJC_WEAK = YES;
				CLANG_WARN_BLOCK_CAPTURE_AUTORELEASING = YES;
				CLANG_WARN_BOOL_CONVERSION = YES;
				CLANG_WARN_COMMA = YES;
				CLANG_WARN_CONSTANT_CONVERSION = YES;
				CLANG_WARN_DEPRECATED_OBJC_IMPLEMENTATIONS = YES;
				CLANG_WARN_DIRECT_OBJC_ISA_USAGE = YES_ERROR;
				CLANG_WARN_DOCUMENTATION_COMMENTS = YES;
				CLANG_WARN_EMPTY_BODY = YES;
				CLANG_WARN_ENUM_CONVERSION = YES;
				CLANG_WARN_INFINITE_RECURSION = YES;
				CLANG_WARN_INT_CONVERSION = YES;
				CLANG_WARN_NON_LITERAL_NULL_CONVERSION = YES;
				CLANG_WARN_OBJC_IMPLICIT_RETAIN_SELF = YES;
				CLANG_WARN_OBJC_LITERAL_CONVERSION = YES;
				CLANG_WARN_OBJC_ROOT_CLASS = YES_ERROR;
				CLANG_WARN_QUOTED_INCLUDE_IN_FRAMEWORK_HEADER = YES;
				CLANG_WARN_RANGE_LOOP_ANALYSIS = YES;
				CLANG_WARN_STRICT_PROTOTYPES = YES;
				CLANG_WARN_SUSPICIOUS_MOVE = YES;
				CLANG_WARN_UNGUARDED_AVAILABILITY = YES_AGGRESSIVE;
				CLANG_WARN_UNREACHABLE_CODE = YES;
				CLANG_WARN__DUPLICATE_METHOD_MATCH = YES;
				COPY_PHASE_STRIP = NO;
				DEBUG_INFORMATION_FORMAT = dwarf;
				DEVELOPMENT_TEAM = 46BJNG454R;
				ENABLE_STRICT_OBJC_MSGSEND = YES;
				ENABLE_TESTABILITY = YES;
				ENABLE_USER_SCRIPT_SANDBOXING = YES;
				GCC_C_LANGUAGE_STANDARD = gnu17;
				GCC_DYNAMIC_NO_PIC = NO;
				GCC_NO_COMMON_BLOCKS = YES;
				GCC_OPTIMIZATION_LEVEL = 0;
				GCC_PREPROCESSOR_DEFINITIONS = (
					"DEBUG=1",
					"$(inherited)",
				);
				GCC_WARN_64_TO_32_BIT_CONVERSION = YES;
				GCC_WARN_ABOUT_RETURN_TYPE = YES_ERROR;
				GCC_WARN_UNDECLARED_SELECTOR = YES;
				GCC_WARN_UNINITIALIZED_AUTOS = YES_AGGRESSIVE;
				GCC_WARN_UNUSED_FUNCTION = YES;
				GCC_WARN_UNUSED_VARIABLE = YES;
				IPHONEOS_DEPLOYMENT_TARGET = 18.5;
				LOCALIZATION_PREFERS_STRING_CATALOGS = YES;
				MTL_ENABLE_DEBUG_INFO = INCLUDE_SOURCE;
				MTL_FAST_MATH = YES;
				ONLY_ACTIVE_ARCH = YES;
				SDKROOT = iphoneos;
				SWIFT_ACTIVE_COMPILATION_CONDITIONS = "DEBUG $(inherited)";
				SWIFT_OPTIMIZATION_LEVEL = "-Onone";
			};
			name = Debug;
		};
		806626E52EF403AB00B65DB9 /* Release */ = {
			isa = XCBuildConfiguration;
			buildSettings = {
				ALWAYS_SEARCH_USER_PATHS = NO;
				ASSETCATALOG_COMPILER_GENERATE_SWIFT_ASSET_SYMBOL_EXTENSIONS = YES;
				CLANG_ANALYZER_NONNULL = YES;
				CLANG_ANALYZER_NUMBER_OBJECT_CONVERSION = YES_AGGRESSIVE;
				CLANG_CXX_LANGUAGE_STANDARD = "gnu++20";
				CLANG_ENABLE_MODULES = YES;
				CLANG_ENABLE_OBJC_ARC = YES;
				CLANG_ENABLE_OBJC_WEAK = YES;
				CLANG_WARN_BLOCK_CAPTURE_AUTORELEASING = YES;
				CLANG_WARN_BOOL_CONVERSION = YES;
				CLANG_WARN_COMMA = YES;
				CLANG_WARN_CONSTANT_CONVERSION = YES;
				CLANG_WARN_DEPRECATED_OBJC_IMPLEMENTATIONS = YES;
				CLANG_WARN_DIRECT_OBJC_ISA_USAGE = YES_ERROR;
				CLANG_WARN_DOCUMENTATION_COMMENTS = YES;
				CLANG_WARN_EMPTY_BODY = YES;
				CLANG_WARN_ENUM_CONVERSION = YES;
				CLANG_WARN_INFINITE_RECURSION = YES;
				CLANG_WARN_INT_CONVERSION = YES;
				CLANG_WARN_NON_LITERAL_NULL_CONVERSION = YES;
				CLANG_WARN_OBJC_IMPLICIT_RETAIN_SELF = YES;
				CLANG_WARN_OBJC_LITERAL_CONVERSION = YES;
				CLANG_WARN_OBJC_ROOT_CLASS = YES_ERROR;
				CLANG_WARN_QUOTED_INCLUDE_IN_FRAMEWORK_HEADER = YES;
				CLANG_WARN_RANGE_LOOP_ANALYSIS = YES;
				CLANG_WARN_STRICT_PROTOTYPES = YES;
				CLANG_WARN_SUSPICIOUS_MOVE = YES;
				CLANG_WARN_UNGUARDED_AVAILABILITY = YES_AGGRESSIVE;
				CLANG_WARN_UNREACHABLE_CODE = YES;
				CLANG_WARN__DUPLICATE_METHOD_MATCH = YES;
				COPY_PHASE_STRIP = NO;
				DEBUG_INFORMATION_FORMAT = "dwarf-with-dsym";
				DEVELOPMENT_TEAM = 46BJNG454R;
				ENABLE_NS_ASSERTIONS = NO;
				ENABLE_STRICT_OBJC_MSGSEND = YES;
				ENABLE_USER_SCRIPT_SANDBOXING = YES;
				GCC_C_LANGUAGE_STANDARD = gnu17;
				GCC_NO_COMMON_BLOCKS = YES;
				GCC_WARN_64_TO_32_BIT_CONVERSION = YES;
				GCC_WARN_ABOUT_RETURN_TYPE = YES_ERROR;
				GCC_WARN_UNDECLARED_SELECTOR = YES;
				GCC_WARN_UNINITIALIZED_AUTOS = YES_AGGRESSIVE;
				GCC_WARN_UNUSED_FUNCTION = YES;
				GCC_WARN_UNUSED_VARIABLE = YES;
				IPHONEOS_DEPLOYMENT_TARGET = 18.5;
				LOCALIZATION_PREFERS_STRING_CATALOGS = YES;
				MTL_ENABLE_DEBUG_INFO = NO;
				MTL_FAST_MATH = YES;
				SDKROOT = iphoneos;
				SWIFT_COMPILATION_MODE = wholemodule;
				VALIDATE_PRODUCT = YES;
			};
			name = Release;
		};
		806626E72EF403AB00B65DB9 /* Debug */ = {
			isa = XCBuildConfiguration;
			buildSettings = {
				BUNDLE_LOADER = "$(TEST_HOST)";
				CODE_SIGN_STYLE = Automatic;
				CURRENT_PROJECT_VERSION = 1;
				DEVELOPMENT_TEAM = 46BJNG454R;
				GENERATE_INFOPLIST_FILE = YES;
				IPHONEOS_DEPLOYMENT_TARGET = 18.5;
				MARKETING_VERSION = 1.0;
				PRODUCT_BUNDLE_IDENTIFIER = com.josevin.InnerCircleAppTests;
				PRODUCT_NAME = "$(TARGET_NAME)";
				SWIFT_EMIT_LOC_STRINGS = NO;
				SWIFT_VERSION = 5.0;
				TARGETED_DEVICE_FAMILY = "1,2";
				TEST_HOST = "$(BUILT_PRODUCTS_DIR)/InnerCircleApp.app/$(BUNDLE_EXECUTABLE_FOLDER_PATH)/InnerCircleApp";
			};
			name = Debug;
		};
		806626E82EF403AB00B65DB9 /* Release */ = {
			isa = XCBuildConfiguration;
			buildSettings = {
				BUNDLE_LOADER = "$(TEST_HOST)";
				CODE_SIGN_STYLE = Automatic;
				CURRENT_PROJECT_VERSION = 1;
				DEVELOPMENT_TEAM = 46BJNG454R;
				GENERATE_INFOPLIST_FILE = YES;
				IPHONEOS_DEPLOYMENT_TARGET = 18.5;
				MARKETING_VERSION = 1.0;
				PRODUCT_BUNDLE_IDENTIFIER = com.josevin.InnerCircleAppTests;
				PRODUCT_NAME = "$(TARGET_NAME)";
				SWIFT_EMIT_LOC_STRINGS = NO;
				SWIFT_VERSION = 5.0;
				TARGETED_DEVICE_FAMILY = "1,2";
				TEST_HOST = "$(BUILT_PRODUCTS_DIR)/InnerCircleApp.app/$(BUNDLE_EXECUTABLE_FOLDER_PATH)/InnerCircleApp";
			};
			name = Release;
		};
		806626EA2EF403AB00B65DB9 /* Debug */ = {
			isa = XCBuildConfiguration;
			buildSettings = {
				CODE_SIGN_STYLE = Automatic;
				CURRENT_PROJECT_VERSION = 1;
				DEVELOPMENT_TEAM = 46BJNG454R;
				GENERATE_INFOPLIST_FILE = YES;
				MARKETING_VERSION = 1.0;
				PRODUCT_BUNDLE_IDENTIFIER = com.josevin.InnerCircleAppUITests;
				PRODUCT_NAME = "$(TARGET_NAME)";
				SWIFT_EMIT_LOC_STRINGS = NO;
				SWIFT_VERSION = 5.0;
				TARGETED_DEVICE_FAMILY = "1,2";
				TEST_TARGET_NAME = InnerCircleApp;
			};
			name = Debug;
		};
		806626EB2EF403AB00B65DB9 /* Release */ = {
			isa = XCBuildConfiguration;
			buildSettings = {
				CODE_SIGN_STYLE = Automatic;
				CURRENT_PROJECT_VERSION = 1;
				DEVELOPMENT_TEAM = 46BJNG454R;
				GENERATE_INFOPLIST_FILE = YES;
				MARKETING_VERSION = 1.0;
				PRODUCT_BUNDLE_IDENTIFIER = com.josevin.InnerCircleAppUITests;
				PRODUCT_NAME = "$(TARGET_NAME)";
				SWIFT_EMIT_LOC_STRINGS = NO;
				SWIFT_VERSION = 5.0;
				TARGETED_DEVICE_FAMILY = "1,2";
				TEST_TARGET_NAME = InnerCircleApp;
			};
			name = Release;
		};
/* End XCBuildConfiguration section */

/* Begin XCConfigurationList section */
		806626B32EF403AA00B65DB9 /* Build configuration list for PBXProject "InnerCircleApp" */ = {
			isa = XCConfigurationList;
			buildConfigurations = (
				806626E42EF403AB00B65DB9 /* Debug */,
				806626E52EF403AB00B65DB9 /* Release */,
			);
			defaultConfigurationIsVisible = 0;
			defaultConfigurationName = Release;
		};
		806626E12EF403AB00B65DB9 /* Build configuration list for PBXNativeTarget "InnerCircleApp" */ = {
			isa = XCConfigurationList;
			buildConfigurations = (
				806626E22EF403AB00B65DB9 /* Debug */,
				806626E32EF403AB00B65DB9 /* Release */,
			);
			defaultConfigurationIsVisible = 0;
			defaultConfigurationName = Release;
		};
		806626E62EF403AB00B65DB9 /* Build configuration list for PBXNativeTarget "InnerCircleAppTests" */ = {
			isa = XCConfigurationList;
			buildConfigurations = (
				806626E72EF403AB00B65DB9 /* Debug */,
				806626E82EF403AB00B65DB9 /* Release */,
			);
			defaultConfigurationIsVisible = 0;
			defaultConfigurationName = Release;
		};
		806626E92EF403AB00B65DB9 /* Build configuration list for PBXNativeTarget "InnerCircleAppUITests" */ = {
			isa = XCConfigurationList;
			buildConfigurations = (
				806626EA2EF403AB00B65DB9 /* Debug */,
				806626EB2EF403AB00B65DB9 /* Release */,
			);
			defaultConfigurationIsVisible = 0;
			defaultConfigurationName = Release;
		};
/* End XCConfigurationList section */
	};
	rootObject = 806626B02EF403AA00B65DB9 /* Project object */;
}
